
Microsoft Visual Studio Solution File, Format Version 12.00
# Visual Studio Version 17
VisualStudioVersion = 17.14.36518.9 d17.14
MinimumVisualStudioVersion = 10.0.40219.1
Project("{8BC9CEB8-8B4A-11D0-8D11-00A0C91BC942}") = "SivGroundSlider", "SivGroundSlider\SivGroundSlider.vcxitems", "{B62881AF-47BA-42AC-8119-1B8FD15CCD7C}"
EndProject
Project("{8BC9CEB8-8B4A-11D0-8D11-00A0C91BC942}") = "SliderTest", "examples\SliderTest\SliderTest.vcxproj", "{BB15EAEA-317B-4403-A823-87AFAA079F10}"
EndProject
Project("{2150E333-8FDC-42A3-9474-1A3956D46DE8}") = "Solution Items", "Solution Items", "{8EC462FD-D22E-90A8-E5CE-7E832BA40C5D}"
	ProjectSection(SolutionItems) = preProject
		.editorconfig = .editorconfig
		.gitignore = .gitignore
		README.md = README.md
	EndProjectSection
EndProject
Global
	GlobalSection(SolutionConfigurationPlatforms) = preSolution
		Debug|x64 = Debug|x64
		Release|x64 = Release|x64
	EndGlobalSection
	GlobalSection(ProjectConfigurationPlatforms) = postSolution
		{BB15EAEA-317B-4403-A823-87AFAA079F10}.Debug|x64.ActiveCfg = Debug|x64
		{BB15EAEA-317B-4403-A823-87AFAA079F10}.Debug|x64.Build.0 = Debug|x64
		{BB15EAEA-317B-4403-A823-87AFAA079F10}.Release|x64.ActiveCfg = Release|x64
		{BB15EAEA-317B-4403-A823-87AFAA079F10}.Release|x64.Build.0 = Release|x64
	EndGlobalSection
	GlobalSection(SolutionProperties) = preSolution
		HideSolutionNode = FALSE
	EndGlobalSection
	GlobalSection(ExtensibilityGlobals) = postSolution
		SolutionGuid = {98C8C65B-0789-4608-8AEA-FA0C135E5C0B}
	EndGlobalSection
EndGlobal
